
Microsoft Visual Studio Solution File, Format Version 12.00
# Visual Studio 15
VisualStudioVersion = 15.0.28307.329
MinimumVisualStudioVersion = 10.0.40219.1
Project("{FAE04EC0-301F-11D3-BF4B-00C04F79EFBC}") = "DelegateExempel", "DelegateExempel\DelegateExempel.csproj", "{34A7F888-BD4F-496C-B310-0F8CE43A9192}"
EndProject
Global
	GlobalSection(SolutionConfigurationPlatforms) = preSolution
		Debug|x86 = Debug|x86
		Release|x86 = Release|x86
	EndGlobalSection
	GlobalSection(ProjectConfigurationPlatforms) = postSolution
		{34A7F888-BD4F-496C-B310-0F8CE43A9192}.Debug|x86.ActiveCfg = Debug|x86
		{34A7F888-BD4F-496C-B310-0F8CE43A9192}.Debug|x86.Build.0 = Debug|x86
		{34A7F888-BD4F-496C-B310-0F8CE43A9192}.Release|x86.ActiveCfg = Release|x86
		{34A7F888-BD4F-496C-B310-0F8CE43A9192}.Release|x86.Build.0 = Release|x86
	EndGlobalSection
	GlobalSection(SolutionProperties) = preSolution
		HideSolutionNode = FALSE
	EndGlobalSection
	GlobalSection(ExtensibilityGlobals) = postSolution
		SolutionGuid = {CD87ACDA-1967-4990-BCC3-3FBDB593217E}
	EndGlobalSection
EndGlobal
